{
    "_readme": [
        "This file locks the dependencies of your project to a known state",
        "Read more about it at https://getcomposer.org/doc/01-basic-usage.md#installing-dependencies",
        "This file is @generated automatically"
    ],
    "content-hash": "29360c1cf90c0c725e7a9c62f55f4978",
    "packages": [
        {
            "name": "jordanbrauer/unit-converter",
            "version": "v0.8.6",
            "source": {
                "type": "git",
                "url": "https://github.com/jordanbrauer/unit-converter.git",
                "reference": "079ab70b7e7c16d07632dd0db67a6e00d6211a47"
            },
            "dist": {
                "type": "zip",
                "url": "https://api.github.com/repos/jordanbrauer/unit-converter/zipball/079ab70b7e7c16d07632dd0db67a6e00d6211a47",
                "reference": "079ab70b7e7c16d07632dd0db67a6e00d6211a47",
                "shasum": ""
            },
            "require": {
                "ext-bcmath": "*",
                "php": "^7.1 || ^8.0"
            },
            "require-dev": {
                "ergebnis/composer-normalize": "^2.13",
                "marcocesarato/php-conventional-changelog": "^1.9",
                "nunomaduro/phpinsights": "^1.14",
                "pestphp/pest": "^1.0",
                "phpunit/phpunit": "^9.5",
                "symfony/var-dumper": "^3.3"
            },
            "type": "component",
            "autoload": {
                "psr-4": {
                    "UnitConverter\\": "src/"
                }
            },
            "notification-url": "https://packagist.org/downloads/",
            "license": [
                "MIT"
            ],
            "authors": [
                {
                    "name": "jordanbrauer",
                    "email": "18744334+jordanbrauer@users.noreply.github.com"
                }
            ],
            "description": "Convert standard units from one to another with this easy to use, lightweight package",
            "support": {
                "issues": "https://github.com/jordanbrauer/unit-converter/issues",
                "source": "https://github.com/jordanbrauer/unit-converter/tree/v0.8.6"
            },
            "time": "2021-03-26T21:10:43+00:00"
        }
    ],
    "packages-dev": [],
    "aliases": [],
    "minimum-stability": "stable",
    "stability-flags": [],
    "prefer-stable": false,
    "prefer-lowest": false,
    "platform": [],
    "platform-dev": [],
    "plugin-api-version": "2.6.0"
}
